
Microsoft Visual Studio Solution File, Format Version 12.00
# Visual Studio 2013
VisualStudioVersion = 12.0.21005.1
MinimumVisualStudioVersion = 10.0.40219.1
Project("{FAE04EC0-301F-11D3-BF4B-00C04F79EFBC}") = "NetInternals", "NetInternals\NetInternals.csproj", "{ED510591-42AC-4992-B37C-304EC5FE270E}"
EndProject
Project("{FAE04EC0-301F-11D3-BF4B-00C04F79EFBC}") = "GUI", "GUI\GUI.csproj", "{70EE571E-13A4-4554-A400-F33F90A3399C}"
EndProject
Project("{FAE04EC0-301F-11D3-BF4B-00C04F79EFBC}") = "InterCom", "InterCom\InterCom.csproj", "{0F997B55-8C86-4843-8E86-DD77CB82C2AB}"
EndProject
Project("{FAE04EC0-301F-11D3-BF4B-00C04F79EFBC}") = "HandledDll", "HandledDll\HandledDll.csproj", "{19C323D9-F4CC-4A09-9373-EC1EEA2CEA96}"
EndProject
Project("{FAE04EC0-301F-11D3-BF4B-00C04F79EFBC}") = "HookUtils", "HookUtils\HookUtils.csproj", "{939AA1BC-2063-4CF6-B788-E47C35B512FC}"
EndProject
Project("{8BC9CEB8-8B4A-11D0-8D11-00A0C91BC942}") = "Dll", "Dll\Dll.vcxproj", "{F451B519-69EB-44FC-8A3C-3417724D9F42}"
EndProject
Project("{FAE04EC0-301F-11D3-BF4B-00C04F79EFBC}") = "DllInjector", "DllInjector\DllInjector.csproj", "{A0D296B4-EFEB-4B6B-9544-D6394C3639E7}"
EndProject
Project("{FAE04EC0-301F-11D3-BF4B-00C04F79EFBC}") = "WinApi", "WinApi\WinApi.csproj", "{504D7C8A-E70E-44B4-B923-816A3DDA5A57}"
EndProject
Project("{FAE04EC0-301F-11D3-BF4B-00C04F79EFBC}") = "Models", "Models\Models.csproj", "{26046E3E-4BF4-4142-8990-FC4816EFF36E}"
EndProject
Global
	GlobalSection(SolutionConfigurationPlatforms) = preSolution
		Debug|Any CPU = Debug|Any CPU
		Debug|Mixed Platforms = Debug|Mixed Platforms
		Debug|Win32 = Debug|Win32
		Release|Any CPU = Release|Any CPU
		Release|Mixed Platforms = Release|Mixed Platforms
		Release|Win32 = Release|Win32
	EndGlobalSection
	GlobalSection(ProjectConfigurationPlatforms) = postSolution
		{ED510591-42AC-4992-B37C-304EC5FE270E}.Debug|Any CPU.ActiveCfg = Debug|Any CPU
		{ED510591-42AC-4992-B37C-304EC5FE270E}.Debug|Any CPU.Build.0 = Debug|Any CPU
		{ED510591-42AC-4992-B37C-304EC5FE270E}.Debug|Mixed Platforms.ActiveCfg = Debug|Any CPU
		{ED510591-42AC-4992-B37C-304EC5FE270E}.Debug|Mixed Platforms.Build.0 = Debug|Any CPU
		{ED510591-42AC-4992-B37C-304EC5FE270E}.Debug|Win32.ActiveCfg = Debug|Any CPU
		{ED510591-42AC-4992-B37C-304EC5FE270E}.Release|Any CPU.ActiveCfg = Release|Any CPU
		{ED510591-42AC-4992-B37C-304EC5FE270E}.Release|Any CPU.Build.0 = Release|Any CPU
		{ED510591-42AC-4992-B37C-304EC5FE270E}.Release|Mixed Platforms.ActiveCfg = Release|Any CPU
		{ED510591-42AC-4992-B37C-304EC5FE270E}.Release|Mixed Platforms.Build.0 = Release|Any CPU
		{ED510591-42AC-4992-B37C-304EC5FE270E}.Release|Win32.ActiveCfg = Release|Any CPU
		{70EE571E-13A4-4554-A400-F33F90A3399C}.Debug|Any CPU.ActiveCfg = Debug|Any CPU
		{70EE571E-13A4-4554-A400-F33F90A3399C}.Debug|Any CPU.Build.0 = Debug|Any CPU
		{70EE571E-13A4-4554-A400-F33F90A3399C}.Debug|Mixed Platforms.ActiveCfg = Debug|Any CPU
		{70EE571E-13A4-4554-A400-F33F90A3399C}.Debug|Mixed Platforms.Build.0 = Debug|Any CPU
		{70EE571E-13A4-4554-A400-F33F90A3399C}.Debug|Win32.ActiveCfg = Debug|Any CPU
		{70EE571E-13A4-4554-A400-F33F90A3399C}.Release|Any CPU.ActiveCfg = Release|Any CPU
		{70EE571E-13A4-4554-A400-F33F90A3399C}.Release|Any CPU.Build.0 = Release|Any CPU
		{70EE571E-13A4-4554-A400-F33F90A3399C}.Release|Mixed Platforms.ActiveCfg = Release|Any CPU
		{70EE571E-13A4-4554-A400-F33F90A3399C}.Release|Mixed Platforms.Build.0 = Release|Any CPU
		{70EE571E-13A4-4554-A400-F33F90A3399C}.Release|Win32.ActiveCfg = Release|Any CPU
		{0F997B55-8C86-4843-8E86-DD77CB82C2AB}.Debug|Any CPU.ActiveCfg = Debug|Any CPU
		{0F997B55-8C86-4843-8E86-DD77CB82C2AB}.Debug|Any CPU.Build.0 = Debug|Any CPU
		{0F997B55-8C86-4843-8E86-DD77CB82C2AB}.Debug|Mixed Platforms.ActiveCfg = Debug|Any CPU
		{0F997B55-8C86-4843-8E86-DD77CB82C2AB}.Debug|Mixed Platforms.Build.0 = Debug|Any CPU
		{0F997B55-8C86-4843-8E86-DD77CB82C2AB}.Debug|Win32.ActiveCfg = Debug|Any CPU
		{0F997B55-8C86-4843-8E86-DD77CB82C2AB}.Release|Any CPU.ActiveCfg = Release|Any CPU
		{0F997B55-8C86-4843-8E86-DD77CB82C2AB}.Release|Any CPU.Build.0 = Release|Any CPU
		{0F997B55-8C86-4843-8E86-DD77CB82C2AB}.Release|Mixed Platforms.ActiveCfg = Release|Any CPU
		{0F997B55-8C86-4843-8E86-DD77CB82C2AB}.Release|Mixed Platforms.Build.0 = Release|Any CPU
		{0F997B55-8C86-4843-8E86-DD77CB82C2AB}.Release|Win32.ActiveCfg = Release|Any CPU
		{19C323D9-F4CC-4A09-9373-EC1EEA2CEA96}.Debug|Any CPU.ActiveCfg = Debug|Any CPU
		{19C323D9-F4CC-4A09-9373-EC1EEA2CEA96}.Debug|Any CPU.Build.0 = Debug|Any CPU
		{19C323D9-F4CC-4A09-9373-EC1EEA2CEA96}.Debug|Mixed Platforms.ActiveCfg = Debug|Any CPU
		{19C323D9-F4CC-4A09-9373-EC1EEA2CEA96}.Debug|Mixed Platforms.Build.0 = Debug|Any CPU
		{19C323D9-F4CC-4A09-9373-EC1EEA2CEA96}.Debug|Win32.ActiveCfg = Debug|Any CPU
		{19C323D9-F4CC-4A09-9373-EC1EEA2CEA96}.Release|Any CPU.ActiveCfg = Release|Any CPU
		{19C323D9-F4CC-4A09-9373-EC1EEA2CEA96}.Release|Any CPU.Build.0 = Release|Any CPU
		{19C323D9-F4CC-4A09-9373-EC1EEA2CEA96}.Release|Mixed Platforms.ActiveCfg = Release|Any CPU
		{19C323D9-F4CC-4A09-9373-EC1EEA2CEA96}.Release|Mixed Platforms.Build.0 = Release|Any CPU
		{19C323D9-F4CC-4A09-9373-EC1EEA2CEA96}.Release|Win32.ActiveCfg = Release|Any CPU
		{939AA1BC-2063-4CF6-B788-E47C35B512FC}.Debug|Any CPU.ActiveCfg = Debug|Any CPU
		{939AA1BC-2063-4CF6-B788-E47C35B512FC}.Debug|Any CPU.Build.0 = Debug|Any CPU
		{939AA1BC-2063-4CF6-B788-E47C35B512FC}.Debug|Mixed Platforms.ActiveCfg = Debug|Any CPU
		{939AA1BC-2063-4CF6-B788-E47C35B512FC}.Debug|Mixed Platforms.Build.0 = Debug|Any CPU
		{939AA1BC-2063-4CF6-B788-E47C35B512FC}.Debug|Win32.ActiveCfg = Debug|Any CPU
		{939AA1BC-2063-4CF6-B788-E47C35B512FC}.Release|Any CPU.ActiveCfg = Release|Any CPU
		{939AA1BC-2063-4CF6-B788-E47C35B512FC}.Release|Any CPU.Build.0 = Release|Any CPU
		{939AA1BC-2063-4CF6-B788-E47C35B512FC}.Release|Mixed Platforms.ActiveCfg = Release|Any CPU
		{939AA1BC-2063-4CF6-B788-E47C35B512FC}.Release|Mixed Platforms.Build.0 = Release|Any CPU
		{939AA1BC-2063-4CF6-B788-E47C35B512FC}.Release|Win32.ActiveCfg = Release|Any CPU
		{F451B519-69EB-44FC-8A3C-3417724D9F42}.Debug|Any CPU.ActiveCfg = Debug|Win32
		{F451B519-69EB-44FC-8A3C-3417724D9F42}.Debug|Mixed Platforms.ActiveCfg = Debug|Win32
		{F451B519-69EB-44FC-8A3C-3417724D9F42}.Debug|Mixed Platforms.Build.0 = Debug|Win32
		{F451B519-69EB-44FC-8A3C-3417724D9F42}.Debug|Win32.ActiveCfg = Debug|Win32
		{F451B519-69EB-44FC-8A3C-3417724D9F42}.Debug|Win32.Build.0 = Debug|Win32
		{F451B519-69EB-44FC-8A3C-3417724D9F42}.Release|Any CPU.ActiveCfg = Release|Win32
		{F451B519-69EB-44FC-8A3C-3417724D9F42}.Release|Mixed Platforms.ActiveCfg = Release|Win32
		{F451B519-69EB-44FC-8A3C-3417724D9F42}.Release|Mixed Platforms.Build.0 = Release|Win32
		{F451B519-69EB-44FC-8A3C-3417724D9F42}.Release|Win32.ActiveCfg = Release|Win32
		{F451B519-69EB-44FC-8A3C-3417724D9F42}.Release|Win32.Build.0 = Release|Win32
		{A0D296B4-EFEB-4B6B-9544-D6394C3639E7}.Debug|Any CPU.ActiveCfg = Debug|Any CPU
		{A0D296B4-EFEB-4B6B-9544-D6394C3639E7}.Debug|Any CPU.Build.0 = Debug|Any CPU
		{A0D296B4-EFEB-4B6B-9544-D6394C3639E7}.Debug|Mixed Platforms.ActiveCfg = Debug|Any CPU
		{A0D296B4-EFEB-4B6B-9544-D6394C3639E7}.Debug|Mixed Platforms.Build.0 = Debug|Any CPU
		{A0D296B4-EFEB-4B6B-9544-D6394C3639E7}.Debug|Win32.ActiveCfg = Debug|Any CPU
		{A0D296B4-EFEB-4B6B-9544-D6394C3639E7}.Release|Any CPU.ActiveCfg = Release|Any CPU
		{A0D296B4-EFEB-4B6B-9544-D6394C3639E7}.Release|Any CPU.Build.0 = Release|Any CPU
		{A0D296B4-EFEB-4B6B-9544-D6394C3639E7}.Release|Mixed Platforms.ActiveCfg = Release|Any CPU
		{A0D296B4-EFEB-4B6B-9544-D6394C3639E7}.Release|Mixed Platforms.Build.0 = Release|Any CPU
		{A0D296B4-EFEB-4B6B-9544-D6394C3639E7}.Release|Win32.ActiveCfg = Release|Any CPU
		{504D7C8A-E70E-44B4-B923-816A3DDA5A57}.Debug|Any CPU.ActiveCfg = Debug|Any CPU
		{504D7C8A-E70E-44B4-B923-816A3DDA5A57}.Debug|Any CPU.Build.0 = Debug|Any CPU
		{504D7C8A-E70E-44B4-B923-816A3DDA5A57}.Debug|Mixed Platforms.ActiveCfg = Debug|Any CPU
		{504D7C8A-E70E-44B4-B923-816A3DDA5A57}.Debug|Mixed Platforms.Build.0 = Debug|Any CPU
		{504D7C8A-E70E-44B4-B923-816A3DDA5A57}.Debug|Win32.ActiveCfg = Debug|Any CPU
		{504D7C8A-E70E-44B4-B923-816A3DDA5A57}.Release|Any CPU.ActiveCfg = Release|Any CPU
		{504D7C8A-E70E-44B4-B923-816A3DDA5A57}.Release|Any CPU.Build.0 = Release|Any CPU
		{504D7C8A-E70E-44B4-B923-816A3DDA5A57}.Release|Mixed Platforms.ActiveCfg = Release|Any CPU
		{504D7C8A-E70E-44B4-B923-816A3DDA5A57}.Release|Mixed Platforms.Build.0 = Release|Any CPU
		{504D7C8A-E70E-44B4-B923-816A3DDA5A57}.Release|Win32.ActiveCfg = Release|Any CPU
		{26046E3E-4BF4-4142-8990-FC4816EFF36E}.Debug|Any CPU.ActiveCfg = Debug|Any CPU
		{26046E3E-4BF4-4142-8990-FC4816EFF36E}.Debug|Any CPU.Build.0 = Debug|Any CPU
		{26046E3E-4BF4-4142-8990-FC4816EFF36E}.Debug|Mixed Platforms.ActiveCfg = Debug|Any CPU
		{26046E3E-4BF4-4142-8990-FC4816EFF36E}.Debug|Mixed Platforms.Build.0 = Debug|Any CPU
		{26046E3E-4BF4-4142-8990-FC4816EFF36E}.Debug|Win32.ActiveCfg = Debug|Any CPU
		{26046E3E-4BF4-4142-8990-FC4816EFF36E}.Release|Any CPU.ActiveCfg = Release|Any CPU
		{26046E3E-4BF4-4142-8990-FC4816EFF36E}.Release|Any CPU.Build.0 = Release|Any CPU
		{26046E3E-4BF4-4142-8990-FC4816EFF36E}.Release|Mixed Platforms.ActiveCfg = Release|Any CPU
		{26046E3E-4BF4-4142-8990-FC4816EFF36E}.Release|Mixed Platforms.Build.0 = Release|Any CPU
		{26046E3E-4BF4-4142-8990-FC4816EFF36E}.Release|Win32.ActiveCfg = Release|Any CPU
	EndGlobalSection
	GlobalSection(SolutionProperties) = preSolution
		HideSolutionNode = FALSE
	EndGlobalSection
EndGlobal
